{
  "requires": true,
  "lockfileVersion": 1,
  "dependencies": {
    "jquery": {
      "version": "3.6.0",
      "resolved": "https://registry.npmjs.org/jquery/-/jquery-3.6.0.tgz",
      "integrity": "sha512-JVzAR/AjBvVt2BmYhxRCSYysDsPcssdmTFnzyLEts9qNwmjmu4JTAMYubEfwVOSwpQ1I1sKKFcxhZCI2buerfw=="
    },
    "paginationjs": {
      "version": "2.1.5",
      "resolved": "https://registry.npmjs.org/paginationjs/-/paginationjs-2.1.5.tgz",
      "integrity": "sha512-2RJW/o8bADFk6HwuoeJzgUndWvuWaZRdumu1QAc2gdA+/ZQLRcZZ6goz7m2cx2uoy0XReF/7X4vrVTZvqLDPrw=="
    }
  }
}
